// !$*UTF8*$!
{
	archiveVersion = 1;
	classes = {
	};
	objectVersion = 77;
	objects = {

/* Begin PBXBuildFile section */
		FE406C212F9A4C4F007039C2 /* WidgetKit.framework in Frameworks */ = {isa = PBXBuildFile; fileRef = FE406C202F9A4C4F007039C2 /* WidgetKit.framework */; };
		FE406C232F9A4C4F007039C2 /* SwiftUI.framework in Frameworks */ = {isa = PBXBuildFile; fileRef = FE406C222F9A4C4F007039C2 /* SwiftUI.framework */; };
/* End PBXBuildFile section */

/* Begin PBXContainerItemProxy section */
		FE4D98242F330FB60087BCAE /* PBXContainerItemProxy */ = {
			isa = PBXContainerItemProxy;
			containerPortal = FE4D980E2F330FB40087BCAE /* Project object */;
			proxyType = 1;
			remoteGlobalIDString = FE4D98152F330FB40087BCAE;
			remoteInfo = shishanyouni;
		};
		FE4D982E2F330FB60087BCAE /* PBXContainerItemProxy */ = {
			isa = PBXContainerItemProxy;
			containerPortal = FE4D980E2F330FB40087BCAE /* Project object */;
			proxyType = 1;
			remoteGlobalIDString = FE4D98152F330FB40087BCAE;
			remoteInfo = shishanyouni;
		};
/* End PBXContainerItemProxy section */

/* Begin PBXFileReference section */
		A503295E2F66810900917FD3 /* SwiftyRSA.xcodeproj */ = {isa = PBXFileReference; lastKnownFileType = "wrapper.pb-project"; path = SwiftyRSA.xcodeproj; sourceTree = "<group>"; };
		A5032A062F6694EE00917FD3 /* SwiftyRSA.xcodeproj */ = {isa = PBXFileReference; lastKnownFileType = "wrapper.pb-project"; path = SwiftyRSA.xcodeproj; sourceTree = "<group>"; };
		A577A31D2F6E61AD006EC90E /* SwiftyRSA.xcodeproj */ = {isa = PBXFileReference; lastKnownFileType = "wrapper.pb-project"; path = SwiftyRSA.xcodeproj; sourceTree = "<group>"; };
		A577A4922F6E9291006EC90E /* SwiftyRSA.xcodeproj */ = {isa = PBXFileReference; lastKnownFileType = "wrapper.pb-project"; path = SwiftyRSA.xcodeproj; sourceTree = "<group>"; };
		FE006B302F6085FC00FD1943 /* SwiftyRSA.xcodeproj */ = {isa = PBXFileReference; lastKnownFileType = "wrapper.pb-project"; path = SwiftyRSA.xcodeproj; sourceTree = "<group>"; };
		FE05C2592F3E4483009522D6 /* SwiftyRSA.xcodeproj */ = {isa = PBXFileReference; lastKnownFileType = "wrapper.pb-project"; path = SwiftyRSA.xcodeproj; sourceTree = "<group>"; };
		FE0CDFE42F3FA546003F208B /* SwiftyRSA.xcodeproj */ = {isa = PBXFileReference; lastKnownFileType = "wrapper.pb-project"; path = SwiftyRSA.xcodeproj; sourceTree = "<group>"; };
		FE0EE3692F6EEA40009A37DD /* SwiftyRSA.xcodeproj */ = {isa = PBXFileReference; lastKnownFileType = "wrapper.pb-project"; path = SwiftyRSA.xcodeproj; sourceTree = "<group>"; };
		FE0FAC442F616B3600F918D5 /* SwiftyRSA.xcodeproj */ = {isa = PBXFileReference; lastKnownFileType = "wrapper.pb-project"; path = SwiftyRSA.xcodeproj; sourceTree = "<group>"; };
		FE106FBA2F4328BF001EB50D /* SwiftyRSA.xcodeproj */ = {isa = PBXFileReference; lastKnownFileType = "wrapper.pb-project"; path = SwiftyRSA.xcodeproj; sourceTree = "<group>"; };
		FE111F0A2F91FA700097674B /* SwiftyRSA.xcodeproj */ = {isa = PBXFileReference; lastKnownFileType = "wrapper.pb-project"; path = SwiftyRSA.xcodeproj; sourceTree = "<group>"; };
		FE1C95B22F91220400A81B3C /* SwiftyRSA.xcodeproj */ = {isa = PBXFileReference; lastKnownFileType = "wrapper.pb-project"; path = SwiftyRSA.xcodeproj; sourceTree = "<group>"; };
		FE25E0202F389407005F9B7C /* SwiftyRSA.xcodeproj */ = {isa = PBXFileReference; lastKnownFileType = "wrapper.pb-project"; path = SwiftyRSA.xcodeproj; sourceTree = "<group>"; };
		FE28DF362F40437700814E65 /* SwiftyRSA.xcodeproj */ = {isa = PBXFileReference; lastKnownFileType = "wrapper.pb-project"; path = SwiftyRSA.xcodeproj; sourceTree = "<group>"; };
		FE3860C62F3AFA9500E0E1C9 /* SwiftyRSA.xcodeproj */ = {isa = PBXFileReference; lastKnownFileType = "wrapper.pb-project"; path = SwiftyRSA.xcodeproj; sourceTree = "<group>"; };
		FE38613D2F3CCF2400E0E1C9 /* SwiftyRSA.xcodeproj */ = {isa = PBXFileReference; lastKnownFileType = "wrapper.pb-project"; path = SwiftyRSA.xcodeproj; sourceTree = "<group>"; };
		FE3B40EF2F417D0C00C34896 /* SwiftyRSA.xcodeproj */ = {isa = PBXFileReference; lastKnownFileType = "wrapper.pb-project"; path = SwiftyRSA.xcodeproj; sourceTree = "<group>"; };
		FE406A952F99F2F7007039C2 /* SwiftyRSA.xcodeproj */ = {isa = PBXFileReference; lastKnownFileType = "wrapper.pb-project"; path = SwiftyRSA.xcodeproj; sourceTree = "<group>"; };
		FE406C1E2F9A4C4E007039C2 /* ScheduleWidgetExtension.appex */ = {isa = PBXFileReference; explicitFileType = "wrapper.app-extension"; includeInIndex = 0; path = ScheduleWidgetExtension.appex; sourceTree = BUILT_PRODUCTS_DIR; };
		FE406C202F9A4C4F007039C2 /* WidgetKit.framework */ = {isa = PBXFileReference; lastKnownFileType = wrapper.framework; name = WidgetKit.framework; path = System/Library/Frameworks/WidgetKit.framework; sourceTree = SDKROOT; };
		FE406C222F9A4C4F007039C2 /* SwiftUI.framework */ = {isa = PBXFileReference; lastKnownFileType = wrapper.framework; name = SwiftUI.framework; path = System/Library/Frameworks/SwiftUI.framework; sourceTree = SDKROOT; };
		FE406C342F9A4EFE007039C2 /* ScheduleWidgetExtensionRelease.entitlements */ = {isa = PBXFileReference; lastKnownFileType = text.plist.entitlements; path = ScheduleWidgetExtensionRelease.entitlements; sourceTree = "<group>"; };
		FE406C362F9A4FA6007039C2 /* ScheduleWidgetExtension.entitlements */ = {isa = PBXFileReference; lastKnownFileType = text.plist.entitlements; path = ScheduleWidgetExtension.entitlements; sourceTree = "<group>"; };
		FE45A9AD2F7A1DFB0082B7E4 /* SwiftyRSA.xcodeproj */ = {isa = PBXFileReference; lastKnownFileType = "wrapper.pb-project"; path = SwiftyRSA.xcodeproj; sourceTree = "<group>"; };
		FE45AA872F7A67F30082B7E4 /* SwiftyRSA.xcodeproj */ = {isa = PBXFileReference; lastKnownFileType = "wrapper.pb-project"; path = SwiftyRSA.xcodeproj; sourceTree = "<group>"; };
		FE4D98162F330FB40087BCAE /* shishanyouni.app */ = {isa = PBXFileReference; explicitFileType = wrapper.application; includeInIndex = 0; path = shishanyouni.app; sourceTree = BUILT_PRODUCTS_DIR; };
		FE4D98232F330FB60087BCAE /* shishanyouniTests.xctest */ = {isa = PBXFileReference; explicitFileType = wrapper.cfbundle; includeInIndex = 0; path = shishanyouniTests.xctest; sourceTree = BUILT_PRODUCTS_DIR; };
		FE4D982D2F330FB60087BCAE /* shishanyouniUITests.xctest */ = {isa = PBXFileReference; explicitFileType = wrapper.cfbundle; includeInIndex = 0; path = shishanyouniUITests.xctest; sourceTree = BUILT_PRODUCTS_DIR; };
		FE58BAB12F93C7440084972A /* SwiftyRSA.xcodeproj */ = {isa = PBXFileReference; lastKnownFileType = "wrapper.pb-project"; path = SwiftyRSA.xcodeproj; sourceTree = "<group>"; };
		FE61BDA12F3A42F70082A9F9 /* SwiftyRSA.xcodeproj */ = {isa = PBXFileReference; lastKnownFileType = "wrapper.pb-project"; path = SwiftyRSA.xcodeproj; sourceTree = "<group>"; };
		FE6847842F3A33B500BC709F /* SwiftyRSA.xcodeproj */ = {isa = PBXFileReference; lastKnownFileType = "wrapper.pb-project"; path = SwiftyRSA.xcodeproj; sourceTree = "<group>"; };
		FE6D54EB2F64252E0063F464 /* SwiftyRSA.xcodeproj */ = {isa = PBXFileReference; lastKnownFileType = "wrapper.pb-project"; path = SwiftyRSA.xcodeproj; sourceTree = "<group>"; };
		FE77A01D2F37BC800045B79D /* SwiftyRSA.xcodeproj */ = {isa = PBXFileReference; lastKnownFileType = "wrapper.pb-project"; path = SwiftyRSA.xcodeproj; sourceTree = "<group>"; };
		FE7FDF712F7AD1A900BFE579 /* SwiftyRSA.xcodeproj */ = {isa = PBXFileReference; lastKnownFileType = "wrapper.pb-project"; path = SwiftyRSA.xcodeproj; sourceTree = "<group>"; };
		FE8735F22F67C126007D0181 /* SwiftyRSA.xcodeproj */ = {isa = PBXFileReference; lastKnownFileType = "wrapper.pb-project"; path = SwiftyRSA.xcodeproj; sourceTree = "<group>"; };
		FEADE0B02F607CB200C87F6D /* SwiftyRSA.xcodeproj */ = {isa = PBXFileReference; lastKnownFileType = "wrapper.pb-project"; path = SwiftyRSA.xcodeproj; sourceTree = "<group>"; };
		FEBC2B002F8F727000E9C0CE /* SwiftyRSA.xcodeproj */ = {isa = PBXFileReference; lastKnownFileType = "wrapper.pb-project"; path = SwiftyRSA.xcodeproj; sourceTree = "<group>"; };
		FEC4024F2F85384E00F916F1 /* SwiftyRSA.xcodeproj */ = {isa = PBXFileReference; lastKnownFileType = "wrapper.pb-project"; path = SwiftyRSA.xcodeproj; sourceTree = "<group>"; };
		FEDE3E522F72B74B001ECA69 /* SwiftyRSA.xcodeproj */ = {isa = PBXFileReference; lastKnownFileType = "wrapper.pb-project"; path = SwiftyRSA.xcodeproj; sourceTree = "<group>"; };
		FEE808012F92242D005EC2E8 /* SwiftyRSA.xcodeproj */ = {isa = PBXFileReference; lastKnownFileType = "wrapper.pb-project"; path = SwiftyRSA.xcodeproj; sourceTree = "<group>"; };
		FEFF050E2F39F24C009EA8F0 /* SwiftyRSA.xcodeproj */ = {isa = PBXFileReference; lastKnownFileType = "wrapper.pb-project"; path = SwiftyRSA.xcodeproj; sourceTree = "<group>"; };
		FEFF05732F39F740009EA8F0 /* SwiftyRSA.xcodeproj */ = {isa = PBXFileReference; lastKnownFileType = "wrapper.pb-project"; path = SwiftyRSA.xcodeproj; sourceTree = "<group>"; };
/* End PBXFileReference section */

/* Begin PBXFileSystemSynchronizedBuildFileExceptionSet section */
		FE406C322F9A4C53007039C2 /* Exceptions for "ScheduleWidget" folder in "ScheduleWidgetExtension" target */ = {
			isa = PBXFileSystemSynchronizedBuildFileExceptionSet;
			membershipExceptions = (
				Info.plist,
			);
			target = FE406C1D2F9A4C4E007039C2 /* ScheduleWidgetExtension */;
		};
		FE4D98432F3311EA0087BCAE /* Exceptions for "shishanyouni" folder in "shishanyouni" target */ = {
			isa = PBXFileSystemSynchronizedBuildFileExceptionSet;
			membershipExceptions = (
				Info.plist,
			);
			target = FE4D98152F330FB40087BCAE /* shishanyouni */;
		};
/* End PBXFileSystemSynchronizedBuildFileExceptionSet section */

/* Begin PBXFileSystemSynchronizedRootGroup section */
		FE406C242F9A4C4F007039C2 /* ScheduleWidget */ = {
			isa = PBXFileSystemSynchronizedRootGroup;
			exceptions = (
				FE406C322F9A4C53007039C2 /* Exceptions for "ScheduleWidget" folder in "ScheduleWidgetExtension" target */,
			);
			path = ScheduleWidget;
			sourceTree = "<group>";
		};
		FE4D98182F330FB40087BCAE /* shishanyouni */ = {
			isa = PBXFileSystemSynchronizedRootGroup;
			exceptions = (
				FE4D98432F3311EA0087BCAE /* Exceptions for "shishanyouni" folder in "shishanyouni" target */,
			);
			path = shishanyouni;
			sourceTree = "<group>";
		};
		FE4D98262F330FB60087BCAE /* shishanyouniTests */ = {
			isa = PBXFileSystemSynchronizedRootGroup;
			path = shishanyouniTests;
			sourceTree = "<group>";
		};
		FE4D98302F330FB60087BCAE /* shishanyouniUITests */ = {
			isa = PBXFileSystemSynchronizedRootGroup;
			path = shishanyouniUITests;
			sourceTree = "<group>";
		};
		FE779FE22F37BC580045B79D /* SwiftyRSA_Src */ = {
			isa = PBXFileSystemSynchronizedRootGroup;
			path = SwiftyRSA_Src;
			sourceTree = "<group>";
		};
/* End PBXFileSystemSynchronizedRootGroup section */

/* Begin PBXFrameworksBuildPhase section */
		FE406C1B2F9A4C4E007039C2 /* Frameworks */ = {
			isa = PBXFrameworksBuildPhase;
			buildActionMask = 2147483647;
			files = (
				FE406C232F9A4C4F007039C2 /* SwiftUI.framework in Frameworks */,
				FE406C212F9A4C4F007039C2 /* WidgetKit.framework in Frameworks */,
			);
			runOnlyForDeploymentPostprocessing = 0;
		};
		FE4D98132F330FB40087BCAE /* Frameworks */ = {
			isa = PBXFrameworksBuildPhase;
			buildActionMask = 2147483647;
			files = (
			);
			runOnlyForDeploymentPostprocessing = 0;
		};
		FE4D98202F330FB60087BCAE /* Frameworks */ = {
			isa = PBXFrameworksBuildPhase;
			buildActionMask = 2147483647;
			files = (
			);
			runOnlyForDeploymentPostprocessing = 0;
		};
		FE4D982A2F330FB60087BCAE /* Frameworks */ = {
			isa = PBXFrameworksBuildPhase;
			buildActionMask = 2147483647;
			files = (
			);
			runOnlyForDeploymentPostprocessing = 0;
		};
/* End PBXFrameworksBuildPhase section */

/* Begin PBXGroup section */
		A503295F2F66810900917FD3 /* Products */ = {
			isa = PBXGroup;
			children = (
			);
			name = Products;
			sourceTree = "<group>";
		};
		A5032A072F6694EE00917FD3 /* Products */ = {
			isa = PBXGroup;
			children = (
			);
			name = Products;
			sourceTree = "<group>";
		};
		A577A31E2F6E61AD006EC90E /* Products */ = {
			isa = PBXGroup;
			children = (
			);
			name = Products;
			sourceTree = "<group>";
		};
		A577A4932F6E9291006EC90E /* Products */ = {
			isa = PBXGroup;
			children = (
			);
			name = Products;
			sourceTree = "<group>";
		};
		FE006B312F6085FC00FD1943 /* Products */ = {
			isa = PBXGroup;
			children = (
			);
			name = Products;
			sourceTree = "<group>";
		};
		FE05C25A2F3E4483009522D6 /* Products */ = {
			isa = PBXGroup;
			children = (
			);
			name = Products;
			sourceTree = "<group>";
		};
		FE0CDFE52F3FA546003F208B /* Products */ = {
			isa = PBXGroup;
			children = (
			);
			name = Products;
			sourceTree = "<group>";
		};
		FE0EE36A2F6EEA40009A37DD /* Products */ = {
			isa = PBXGroup;
			children = (
			);
			name = Products;
			sourceTree = "<group>";
		};
		FE0FAC452F616B3600F918D5 /* Products */ = {
			isa = PBXGroup;
			children = (
			);
			name = Products;
			sourceTree = "<group>";
		};
		FE106FBB2F4328BF001EB50D /* Products */ = {
			isa = PBXGroup;
			children = (
			);
			name = Products;
			sourceTree = "<group>";
		};
		FE111F0B2F91FA700097674B /* Products */ = {
			isa = PBXGroup;
			children = (
			);
			name = Products;
			sourceTree = "<group>";
		};
		FE1C95B32F91220400A81B3C /* Products */ = {
			isa = PBXGroup;
			children = (
			);
			name = Products;
			sourceTree = "<group>";
		};
		FE25E0212F389407005F9B7C /* Products */ = {
			isa = PBXGroup;
			children = (
			);
			name = Products;
			sourceTree = "<group>";
		};
		FE28DF372F40437700814E65 /* Products */ = {
			isa = PBXGroup;
			children = (
			);
			name = Products;
			sourceTree = "<group>";
		};
		FE3860C72F3AFA9500E0E1C9 /* Products */ = {
			isa = PBXGroup;
			children = (
			);
			name = Products;
			sourceTree = "<group>";
		};
		FE38613E2F3CCF2400E0E1C9 /* Products */ = {
			isa = PBXGroup;
			children = (
			);
			name = Products;
			sourceTree = "<group>";
		};
		FE3B40F02F417D0C00C34896 /* Products */ = {
			isa = PBXGroup;
			children = (
			);
			name = Products;
			sourceTree = "<group>";
		};
		FE406A962F99F2F7007039C2 /* Products */ = {
			isa = PBXGroup;
			children = (
			);
			name = Products;
			sourceTree = "<group>";
		};
		FE406C1F2F9A4C4F007039C2 /* Frameworks */ = {
			isa = PBXGroup;
			children = (
				FE406C202F9A4C4F007039C2 /* WidgetKit.framework */,
				FE406C222F9A4C4F007039C2 /* SwiftUI.framework */,
			);
			name = Frameworks;
			sourceTree = "<group>";
		};
		FE45A9AE2F7A1DFB0082B7E4 /* Products */ = {
			isa = PBXGroup;
			children = (
			);
			name = Products;
			sourceTree = "<group>";
		};
		FE45AA882F7A67F30082B7E4 /* Products */ = {
			isa = PBXGroup;
			children = (
			);
			name = Products;
			sourceTree = "<group>";
		};
		FE4D980D2F330FB40087BCAE = {
			isa = PBXGroup;
			children = (
				FE406C362F9A4FA6007039C2 /* ScheduleWidgetExtension.entitlements */,
				FE406C342F9A4EFE007039C2 /* ScheduleWidgetExtensionRelease.entitlements */,
				FE779FE22F37BC580045B79D /* SwiftyRSA_Src */,
				FE4D98182F330FB40087BCAE /* shishanyouni */,
				FE4D98262F330FB60087BCAE /* shishanyouniTests */,
				FE4D98302F330FB60087BCAE /* shishanyouniUITests */,
				FE406C242F9A4C4F007039C2 /* ScheduleWidget */,
				FE406C1F2F9A4C4F007039C2 /* Frameworks */,
				FE4D98172F330FB40087BCAE /* Products */,
			);
			sourceTree = "<group>";
		};
		FE4D98172F330FB40087BCAE /* Products */ = {
			isa = PBXGroup;
			children = (
				FE4D98162F330FB40087BCAE /* shishanyouni.app */,
				FE4D98232F330FB60087BCAE /* shishanyouniTests.xctest */,
				FE4D982D2F330FB60087BCAE /* shishanyouniUITests.xctest */,
				FE406C1E2F9A4C4E007039C2 /* ScheduleWidgetExtension.appex */,
			);
			name = Products;
			sourceTree = "<group>";
		};
		FE58BAB22F93C7440084972A /* Products */ = {
			isa = PBXGroup;
			children = (
			);
			name = Products;
			sourceTree = "<group>";
		};
		FE61BDA22F3A42F70082A9F9 /* Products */ = {
			isa = PBXGroup;
			children = (
			);
			name = Products;
			sourceTree = "<group>";
		};
		FE6847852F3A33B500BC709F /* Products */ = {
			isa = PBXGroup;
			children = (
			);
			name = Products;
			sourceTree = "<group>";
		};
		FE6D54EC2F64252E0063F464 /* Products */ = {
			isa = PBXGroup;
			children = (
			);
			name = Products;
			sourceTree = "<group>";
		};
		FE77A01E2F37BC800045B79D /* Products */ = {
			isa = PBXGroup;
			children = (
			);
			name = Products;
			sourceTree = "<group>";
		};
		FE7FDF722F7AD1A900BFE579 /* Products */ = {
			isa = PBXGroup;
			children = (
			);
			name = Products;
			sourceTree = "<group>";
		};
		FE8735F32F67C126007D0181 /* Products */ = {
			isa = PBXGroup;
			children = (
			);
			name = Products;
			sourceTree = "<group>";
		};
		FEADE0B12F607CB200C87F6D /* Products */ = {
			isa = PBXGroup;
			children = (
			);
			name = Products;
			sourceTree = "<group>";
		};
		FEBC2B012F8F727000E9C0CE /* Products */ = {
			isa = PBXGroup;
			children = (
			);
			name = Products;
			sourceTree = "<group>";
		};
		FEC402502F85384E00F916F1 /* Products */ = {
			isa = PBXGroup;
			children = (
			);
			name = Products;
			sourceTree = "<group>";
		};
		FEDE3E532F72B74B001ECA69 /* Products */ = {
			isa = PBXGroup;
			children = (
			);
			name = Products;
			sourceTree = "<group>";
		};
		FEE808022F92242D005EC2E8 /* Products */ = {
			isa = PBXGroup;
			children = (
			);
			name = Products;
			sourceTree = "<group>";
		};
		FEFF050F2F39F24C009EA8F0 /* Products */ = {
			isa = PBXGroup;
			children = (
			);
			name = Products;
			sourceTree = "<group>";
		};
		FEFF05742F39F740009EA8F0 /* Products */ = {
			isa = PBXGroup;
			children = (
			);
			name = Products;
			sourceTree = "<group>";
		};
/* End PBXGroup section */

/* Begin PBXNativeTarget section */
		FE406C1D2F9A4C4E007039C2 /* ScheduleWidgetExtension */ = {
			isa = PBXNativeTarget;
			buildConfigurationList = FE406C2F2F9A4C53007039C2 /* Build configuration list for PBXNativeTarget "ScheduleWidgetExtension" */;
			buildPhases = (
				FE406C1A2F9A4C4E007039C2 /* Sources */,
				FE406C1B2F9A4C4E007039C2 /* Frameworks */,
				FE406C1C2F9A4C4E007039C2 /* Resources */,
			);
			buildRules = (
			);
			dependencies = (
			);
			fileSystemSynchronizedGroups = (
				FE406C242F9A4C4F007039C2 /* ScheduleWidget */,
			);
			name = ScheduleWidgetExtension;
			packageProductDependencies = (
			);
			productName = ScheduleWidgetExtension;
			productReference = FE406C1E2F9A4C4E007039C2 /* ScheduleWidgetExtension.appex */;
			productType = "com.apple.product-type.app-extension";
		};
		FE4D98152F330FB40087BCAE /* shishanyouni */ = {
			isa = PBXNativeTarget;
			buildConfigurationList = FE4D98372F330FB60087BCAE /* Build configuration list for PBXNativeTarget "shishanyouni" */;
			buildPhases = (
				FE4D98122F330FB40087BCAE /* Sources */,
				FE4D98132F330FB40087BCAE /* Frameworks */,
				FE4D98142F330FB40087BCAE /* Resources */,
			);
			buildRules = (
			);
			dependencies = (
			);
			fileSystemSynchronizedGroups = (
				FE4D98182F330FB40087BCAE /* shishanyouni */,
			);
			name = shishanyouni;
			packageProductDependencies = (
			);
			productName = shishanyouni;
			productReference = FE4D98162F330FB40087BCAE /* shishanyouni.app */;
			productType = "com.apple.product-type.application";
		};
		FE4D98222F330FB60087BCAE /* shishanyouniTests */ = {
			isa = PBXNativeTarget;
			buildConfigurationList = FE4D983A2F330FB60087BCAE /* Build configuration list for PBXNativeTarget "shishanyouniTests" */;
			buildPhases = (
				FE4D981F2F330FB60087BCAE /* Sources */,
				FE4D98202F330FB60087BCAE /* Frameworks */,
				FE4D98212F330FB60087BCAE /* Resources */,
			);
			buildRules = (
			);
			dependencies = (
				FE4D98252F330FB60087BCAE /* PBXTargetDependency */,
			);
			fileSystemSynchronizedGroups = (
				FE4D98262F330FB60087BCAE /* shishanyouniTests */,
			);
			name = shishanyouniTests;
			packageProductDependencies = (
			);
			productName = shishanyouniTests;
			productReference = FE4D98232F330FB60087BCAE /* shishanyouniTests.xctest */;
			productType = "com.apple.product-type.bundle.unit-test";
		};
		FE4D982C2F330FB60087BCAE /* shishanyouniUITests */ = {
			isa = PBXNativeTarget;
			buildConfigurationList = FE4D983D2F330FB60087BCAE /* Build configuration list for PBXNativeTarget "shishanyouniUITests" */;
			buildPhases = (
				FE4D98292F330FB60087BCAE /* Sources */,
				FE4D982A2F330FB60087BCAE /* Frameworks */,
				FE4D982B2F330FB60087BCAE /* Resources */,
			);
			buildRules = (
			);
			dependencies = (
				FE4D982F2F330FB60087BCAE /* PBXTargetDependency */,
			);
			fileSystemSynchronizedGroups = (
				FE4D98302F330FB60087BCAE /* shishanyouniUITests */,
			);
			name = shishanyouniUITests;
			packageProductDependencies = (
			);
			productName = shishanyouniUITests;
			productReference = FE4D982D2F330FB60087BCAE /* shishanyouniUITests.xctest */;
			productType = "com.apple.product-type.bundle.ui-testing";
		};
/* End PBXNativeTarget section */

/* Begin PBXProject section */
		FE4D980E2F330FB40087BCAE /* Project object */ = {
			isa = PBXProject;
			attributes = {
				BuildIndependentTargetsInParallel = 1;
				LastSwiftUpdateCheck = 2640;
				LastUpgradeCheck = 2620;
				TargetAttributes = {
					FE406C1D2F9A4C4E007039C2 = {
						CreatedOnToolsVersion = 26.4.1;
					};
					FE4D98152F330FB40087BCAE = {
						CreatedOnToolsVersion = 16.4;
					};
					FE4D98222F330FB60087BCAE = {
						CreatedOnToolsVersion = 16.4;
						TestTargetID = FE4D98152F330FB40087BCAE;
					};
					FE4D982C2F330FB60087BCAE = {
						CreatedOnToolsVersion = 16.4;
						TestTargetID = FE4D98152F330FB40087BCAE;
					};
				};
			};
			buildConfigurationList = FE4D98112F330FB40087BCAE /* Build configuration list for PBXProject "shishanyouni" */;
			developmentRegion = "zh-Hans";
			hasScannedForEncodings = 0;
			knownRegions = (
				Base,
				"zh-Hans",
			);
			mainGroup = FE4D980D2F330FB40087BCAE;
			minimizedProjectReferenceProxies = 1;
			packageReferences = (
			);
			preferredProjectObjectVersion = 77;
			productRefGroup = FE4D98172F330FB40087BCAE /* Products */;
			projectDirPath = "";
			projectReferences = (
				{
					ProductGroup = FE28DF372F40437700814E65 /* Products */;
					ProjectRef = FE28DF362F40437700814E65 /* SwiftyRSA.xcodeproj */;
				},
				{
					ProductGroup = FE3B40F02F417D0C00C34896 /* Products */;
					ProjectRef = FE3B40EF2F417D0C00C34896 /* SwiftyRSA.xcodeproj */;
				},
				{
					ProductGroup = FE1C95B32F91220400A81B3C /* Products */;
					ProjectRef = FE1C95B22F91220400A81B3C /* SwiftyRSA.xcodeproj */;
				},
				{
					ProductGroup = FE77A01E2F37BC800045B79D /* Products */;
					ProjectRef = FE77A01D2F37BC800045B79D /* SwiftyRSA.xcodeproj */;
				},
				{
					ProductGroup = A577A31E2F6E61AD006EC90E /* Products */;
					ProjectRef = A577A31D2F6E61AD006EC90E /* SwiftyRSA.xcodeproj */;
				},
				{
					ProductGroup = FE106FBB2F4328BF001EB50D /* Products */;
					ProjectRef = FE106FBA2F4328BF001EB50D /* SwiftyRSA.xcodeproj */;
				},
				{
					ProductGroup = A5032A072F6694EE00917FD3 /* Products */;
					ProjectRef = A5032A062F6694EE00917FD3 /* SwiftyRSA.xcodeproj */;
				},
				{
					ProductGroup = FE05C25A2F3E4483009522D6 /* Products */;
					ProjectRef = FE05C2592F3E4483009522D6 /* SwiftyRSA.xcodeproj */;
				},
				{
					ProductGroup = FE6847852F3A33B500BC709F /* Products */;
					ProjectRef = FE6847842F3A33B500BC709F /* SwiftyRSA.xcodeproj */;
				},
				{
					ProductGroup = FE25E0212F389407005F9B7C /* Products */;
					ProjectRef = FE25E0202F389407005F9B7C /* SwiftyRSA.xcodeproj */;
				},
				{
					ProductGroup = A503295F2F66810900917FD3 /* Products */;
					ProjectRef = A503295E2F66810900917FD3 /* SwiftyRSA.xcodeproj */;
				},
				{
					ProductGroup = A577A4932F6E9291006EC90E /* Products */;
					ProjectRef = A577A4922F6E9291006EC90E /* SwiftyRSA.xcodeproj */;
				},
				{
					ProductGroup = FE45AA882F7A67F30082B7E4 /* Products */;
					ProjectRef = FE45AA872F7A67F30082B7E4 /* SwiftyRSA.xcodeproj */;
				},
				{
					ProductGroup = FE7FDF722F7AD1A900BFE579 /* Products */;
					ProjectRef = FE7FDF712F7AD1A900BFE579 /* SwiftyRSA.xcodeproj */;
				},
				{
					ProductGroup = FE111F0B2F91FA700097674B /* Products */;
					ProjectRef = FE111F0A2F91FA700097674B /* SwiftyRSA.xcodeproj */;
				},
				{
					ProductGroup = FE6D54EC2F64252E0063F464 /* Products */;
					ProjectRef = FE6D54EB2F64252E0063F464 /* SwiftyRSA.xcodeproj */;
				},
				{
					ProductGroup = FE45A9AE2F7A1DFB0082B7E4 /* Products */;
					ProjectRef = FE45A9AD2F7A1DFB0082B7E4 /* SwiftyRSA.xcodeproj */;
				},
				{
					ProductGroup = FE0FAC452F616B3600F918D5 /* Products */;
					ProjectRef = FE0FAC442F616B3600F918D5 /* SwiftyRSA.xcodeproj */;
				},
				{
					ProductGroup = FE61BDA22F3A42F70082A9F9 /* Products */;
					ProjectRef = FE61BDA12F3A42F70082A9F9 /* SwiftyRSA.xcodeproj */;
				},
				{
					ProductGroup = FEADE0B12F607CB200C87F6D /* Products */;
					ProjectRef = FEADE0B02F607CB200C87F6D /* SwiftyRSA.xcodeproj */;
				},
				{
					ProductGroup = FE006B312F6085FC00FD1943 /* Products */;
					ProjectRef = FE006B302F6085FC00FD1943 /* SwiftyRSA.xcodeproj */;
				},
				{
					ProductGroup = FE406A962F99F2F7007039C2 /* Products */;
					ProjectRef = FE406A952F99F2F7007039C2 /* SwiftyRSA.xcodeproj */;
				},
				{
					ProductGroup = FEC402502F85384E00F916F1 /* Products */;
					ProjectRef = FEC4024F2F85384E00F916F1 /* SwiftyRSA.xcodeproj */;
				},
				{
					ProductGroup = FE38613E2F3CCF2400E0E1C9 /* Products */;
					ProjectRef = FE38613D2F3CCF2400E0E1C9 /* SwiftyRSA.xcodeproj */;
				},
				{
					ProductGroup = FE8735F32F67C126007D0181 /* Products */;
					ProjectRef = FE8735F22F67C126007D0181 /* SwiftyRSA.xcodeproj */;
				},
				{
					ProductGroup = FEE808022F92242D005EC2E8 /* Products */;
					ProjectRef = FEE808012F92242D005EC2E8 /* SwiftyRSA.xcodeproj */;
				},
				{
					ProductGroup = FE58BAB22F93C7440084972A /* Products */;
					ProjectRef = FE58BAB12F93C7440084972A /* SwiftyRSA.xcodeproj */;
				},
				{
					ProductGroup = FE0CDFE52F3FA546003F208B /* Products */;
					ProjectRef = FE0CDFE42F3FA546003F208B /* SwiftyRSA.xcodeproj */;
				},
				{
					ProductGroup = FEFF050F2F39F24C009EA8F0 /* Products */;
					ProjectRef = FEFF050E2F39F24C009EA8F0 /* SwiftyRSA.xcodeproj */;
				},
				{
					ProductGroup = FE3860C72F3AFA9500E0E1C9 /* Products */;
					ProjectRef = FE3860C62F3AFA9500E0E1C9 /* SwiftyRSA.xcodeproj */;
				},
				{
					ProductGroup = FEFF05742F39F740009EA8F0 /* Products */;
					ProjectRef = FEFF05732F39F740009EA8F0 /* SwiftyRSA.xcodeproj */;
				},
				{
					ProductGroup = FEDE3E532F72B74B001ECA69 /* Products */;
					ProjectRef = FEDE3E522F72B74B001ECA69 /* SwiftyRSA.xcodeproj */;
				},
				{
					ProductGroup = FEBC2B012F8F727000E9C0CE /* Products */;
					ProjectRef = FEBC2B002F8F727000E9C0CE /* SwiftyRSA.xcodeproj */;
				},
				{
					ProductGroup = FE0EE36A2F6EEA40009A37DD /* Products */;
					ProjectRef = FE0EE3692F6EEA40009A37DD /* SwiftyRSA.xcodeproj */;
				},
			);
			projectRoot = "";
			targets = (
				FE4D98152F330FB40087BCAE /* shishanyouni */,
				FE4D98222F330FB60087BCAE /* shishanyouniTests */,
				FE4D982C2F330FB60087BCAE /* shishanyouniUITests */,
				FE406C1D2F9A4C4E007039C2 /* ScheduleWidgetExtension */,
			);
		};
/* End PBXProject section */

/* Begin PBXResourcesBuildPhase section */
		FE406C1C2F9A4C4E007039C2 /* Resources */ = {
			isa = PBXResourcesBuildPhase;
			buildActionMask = 2147483647;
			files = (
			);
			runOnlyForDeploymentPostprocessing = 0;
		};
		FE4D98142F330FB40087BCAE /* Resources */ = {
			isa = PBXResourcesBuildPhase;
			buildActionMask = 2147483647;
			files = (
			);
			runOnlyForDeploymentPostprocessing = 0;
		};
		FE4D98212F330FB60087BCAE /* Resources */ = {
			isa = PBXResourcesBuildPhase;
			buildActionMask = 2147483647;
			files = (
			);
			runOnlyForDeploymentPostprocessing = 0;
		};
		FE4D982B2F330FB60087BCAE /* Resources */ = {
			isa = PBXResourcesBuildPhase;
			buildActionMask = 2147483647;
			files = (
			);
			runOnlyForDeploymentPostprocessing = 0;
		};
/* End PBXResourcesBuildPhase section */

/* Begin PBXSourcesBuildPhase section */
		FE406C1A2F9A4C4E007039C2 /* Sources */ = {
			isa = PBXSourcesBuildPhase;
			buildActionMask = 2147483647;
			files = (
			);
			runOnlyForDeploymentPostprocessing = 0;
		};
		FE4D98122F330FB40087BCAE /* Sources */ = {
			isa = PBXSourcesBuildPhase;
			buildActionMask = 2147483647;
			files = (
			);
			runOnlyForDeploymentPostprocessing = 0;
		};
		FE4D981F2F330FB60087BCAE /* Sources */ = {
			isa = PBXSourcesBuildPhase;
			buildActionMask = 2147483647;
			files = (
			);
			runOnlyForDeploymentPostprocessing = 0;
		};
		FE4D98292F330FB60087BCAE /* Sources */ = {
			isa = PBXSourcesBuildPhase;
			buildActionMask = 2147483647;
			files = (
			);
			runOnlyForDeploymentPostprocessing = 0;
		};
/* End PBXSourcesBuildPhase section */

/* Begin PBXTargetDependency section */
		FE4D98252F330FB60087BCAE /* PBXTargetDependency */ = {
			isa = PBXTargetDependency;
			target = FE4D98152F330FB40087BCAE /* shishanyouni */;
			targetProxy = FE4D98242F330FB60087BCAE /* PBXContainerItemProxy */;
		};
		FE4D982F2F330FB60087BCAE /* PBXTargetDependency */ = {
			isa = PBXTargetDependency;
			target = FE4D98152F330FB40087BCAE /* shishanyouni */;
			targetProxy = FE4D982E2F330FB60087BCAE /* PBXContainerItemProxy */;
		};
/* End PBXTargetDependency section */

/* Begin XCBuildConfiguration section */
		FE406C302F9A4C53007039C2 /* Debug */ = {
			isa = XCBuildConfiguration;
			buildSettings = {
				ASSETCATALOG_COMPILER_GLOBAL_ACCENT_COLOR_NAME = AccentColor;
				ASSETCATALOG_COMPILER_WIDGET_BACKGROUND_COLOR_NAME = WidgetBackground;
				CODE_SIGN_ENTITLEMENTS = ScheduleWidgetExtension.entitlements;
				CODE_SIGN_IDENTITY = "Apple Development";
				CODE_SIGN_STYLE = Automatic;
				CURRENT_PROJECT_VERSION = 2;
				DEVELOPMENT_TEAM = Z76985BH76;
				GENERATE_INFOPLIST_FILE = YES;
				INFOPLIST_FILE = ScheduleWidget/Info.plist;
				INFOPLIST_KEY_CFBundleDisplayName = ScheduleWidget;
				INFOPLIST_KEY_NSHumanReadableCopyright = "";
				IPHONEOS_DEPLOYMENT_TARGET = 26.4;
				LD_RUNPATH_SEARCH_PATHS = (
					"$(inherited)",
					"@executable_path/Frameworks",
					"@executable_path/../../Frameworks",
				);
				MARKETING_VERSION = 1.1;
				PRODUCT_BUNDLE_IDENTIFIER = cn.edu.hzau.shishanyouni.ScheduleWidget;
				PRODUCT_NAME = "$(TARGET_NAME)";
				SKIP_INSTALL = YES;
				STRING_CATALOG_GENERATE_SYMBOLS = YES;
				SWIFT_APPROACHABLE_CONCURRENCY = YES;
				SWIFT_EMIT_LOC_STRINGS = YES;
				SWIFT_UPCOMING_FEATURE_MEMBER_IMPORT_VISIBILITY = YES;
				SWIFT_VERSION = 5.0;
				TARGETED_DEVICE_FAMILY = "1,2";
			};
			name = Debug;
		};
		FE406C312F9A4C53007039C2 /* Release */ = {
			isa = XCBuildConfiguration;
			buildSettings = {
				ASSETCATALOG_COMPILER_GLOBAL_ACCENT_COLOR_NAME = AccentColor;
				ASSETCATALOG_COMPILER_WIDGET_BACKGROUND_COLOR_NAME = WidgetBackground;
				CODE_SIGN_ENTITLEMENTS = ScheduleWidgetExtensionRelease.entitlements;
				CODE_SIGN_IDENTITY = "Apple Development";
				CODE_SIGN_STYLE = Automatic;
				CURRENT_PROJECT_VERSION = 2;
				DEVELOPMENT_TEAM = Z76985BH76;
				GENERATE_INFOPLIST_FILE = YES;
				INFOPLIST_FILE = ScheduleWidget/Info.plist;
				INFOPLIST_KEY_CFBundleDisplayName = ScheduleWidget;
				INFOPLIST_KEY_NSHumanReadableCopyright = "";
				IPHONEOS_DEPLOYMENT_TARGET = 26.4;
				LD_RUNPATH_SEARCH_PATHS = (
					"$(inherited)",
					"@executable_path/Frameworks",
					"@executable_path/../../Frameworks",
				);
				MARKETING_VERSION = 1.1;
				PRODUCT_BUNDLE_IDENTIFIER = cn.edu.hzau.shishanyouni.ScheduleWidget;
				PRODUCT_NAME = "$(TARGET_NAME)";
				SKIP_INSTALL = YES;
				STRING_CATALOG_GENERATE_SYMBOLS = YES;
				SWIFT_APPROACHABLE_CONCURRENCY = YES;
				SWIFT_EMIT_LOC_STRINGS = YES;
				SWIFT_UPCOMING_FEATURE_MEMBER_IMPORT_VISIBILITY = YES;
				SWIFT_VERSION = 5.0;
				TARGETED_DEVICE_FAMILY = "1,2";
			};
			name = Release;
		};
		FE4D98352F330FB60087BCAE /* Debug */ = {
			isa = XCBuildConfiguration;
			buildSettings = {
				ALWAYS_SEARCH_USER_PATHS = NO;
				ASSETCATALOG_COMPILER_GENERATE_SWIFT_ASSET_SYMBOL_EXTENSIONS = YES;
				CLANG_ANALYZER_NONNULL = YES;
				CLANG_ANALYZER_NUMBER_OBJECT_CONVERSION = YES_AGGRESSIVE;
				CLANG_CXX_LANGUAGE_STANDARD = "gnu++20";
				CLANG_ENABLE_MODULES = YES;
				CLANG_ENABLE_OBJC_ARC = YES;
				CLANG_ENABLE_OBJC_WEAK = YES;
				CLANG_WARN_BLOCK_CAPTURE_AUTORELEASING = YES;
				CLANG_WARN_BOOL_CONVERSION = YES;
				CLANG_WARN_COMMA = YES;
				CLANG_WARN_CONSTANT_CONVERSION = YES;
				CLANG_WARN_DEPRECATED_OBJC_IMPLEMENTATIONS = YES;
				CLANG_WARN_DIRECT_OBJC_ISA_USAGE = YES_ERROR;
				CLANG_WARN_DOCUMENTATION_COMMENTS = YES;
				CLANG_WARN_EMPTY_BODY = YES;
				CLANG_WARN_ENUM_CONVERSION = YES;
				CLANG_WARN_INFINITE_RECURSION = YES;
				CLANG_WARN_INT_CONVERSION = YES;
				CLANG_WARN_NON_LITERAL_NULL_CONVERSION = YES;
				CLANG_WARN_OBJC_IMPLICIT_RETAIN_SELF = YES;
				CLANG_WARN_OBJC_LITERAL_CONVERSION = YES;
				CLANG_WARN_OBJC_ROOT_CLASS = YES_ERROR;
				CLANG_WARN_QUOTED_INCLUDE_IN_FRAMEWORK_HEADER = YES;
				CLANG_WARN_RANGE_LOOP_ANALYSIS = YES;
				CLANG_WARN_STRICT_PROTOTYPES = YES;
				CLANG_WARN_SUSPICIOUS_MOVE = YES;
				CLANG_WARN_UNGUARDED_AVAILABILITY = YES_AGGRESSIVE;
				CLANG_WARN_UNREACHABLE_CODE = YES;
				CLANG_WARN__DUPLICATE_METHOD_MATCH = YES;
				COPY_PHASE_STRIP = NO;
				DEBUG_INFORMATION_FORMAT = dwarf;
				DEVELOPMENT_TEAM = SQ2W9UN4WB;
				ENABLE_STRICT_OBJC_MSGSEND = YES;
				ENABLE_TESTABILITY = YES;
				ENABLE_USER_SCRIPT_SANDBOXING = YES;
				GCC_C_LANGUAGE_STANDARD = gnu17;
				GCC_DYNAMIC_NO_PIC = NO;
				GCC_NO_COMMON_BLOCKS = YES;
				GCC_OPTIMIZATION_LEVEL = 0;
				GCC_PREPROCESSOR_DEFINITIONS = (
					"DEBUG=1",
					"$(inherited)",
				);
				GCC_WARN_64_TO_32_BIT_CONVERSION = YES;
				GCC_WARN_ABOUT_RETURN_TYPE = YES_ERROR;
				GCC_WARN_UNDECLARED_SELECTOR = YES;
				GCC_WARN_UNINITIALIZED_AUTOS = YES_AGGRESSIVE;
				GCC_WARN_UNUSED_FUNCTION = YES;
				GCC_WARN_UNUSED_VARIABLE = YES;
				IPHONEOS_DEPLOYMENT_TARGET = 18.5;
				LOCALIZATION_PREFERS_STRING_CATALOGS = YES;
				MTL_ENABLE_DEBUG_INFO = INCLUDE_SOURCE;
				MTL_FAST_MATH = YES;
				ONLY_ACTIVE_ARCH = YES;
				SDKROOT = iphoneos;
				STRING_CATALOG_GENERATE_SYMBOLS = YES;
				SWIFT_ACTIVE_COMPILATION_CONDITIONS = "DEBUG $(inherited)";
				SWIFT_OPTIMIZATION_LEVEL = "-Onone";
			};
			name = Debug;
		};
		FE4D98362F330FB60087BCAE /* Release */ = {
			isa = XCBuildConfiguration;
			buildSettings = {
				ALWAYS_SEARCH_USER_PATHS = NO;
				ASSETCATALOG_COMPILER_GENERATE_SWIFT_ASSET_SYMBOL_EXTENSIONS = YES;
				CLANG_ANALYZER_NONNULL = YES;
				CLANG_ANALYZER_NUMBER_OBJECT_CONVERSION = YES_AGGRESSIVE;
				CLANG_CXX_LANGUAGE_STANDARD = "gnu++20";
				CLANG_ENABLE_MODULES = YES;
				CLANG_ENABLE_OBJC_ARC = YES;
				CLANG_ENABLE_OBJC_WEAK = YES;
				CLANG_WARN_BLOCK_CAPTURE_AUTORELEASING = YES;
				CLANG_WARN_BOOL_CONVERSION = YES;
				CLANG_WARN_COMMA = YES;
				CLANG_WARN_CONSTANT_CONVERSION = YES;
				CLANG_WARN_DEPRECATED_OBJC_IMPLEMENTATIONS = YES;
				CLANG_WARN_DIRECT_OBJC_ISA_USAGE = YES_ERROR;
				CLANG_WARN_DOCUMENTATION_COMMENTS = YES;
				CLANG_WARN_EMPTY_BODY = YES;
				CLANG_WARN_ENUM_CONVERSION = YES;
				CLANG_WARN_INFINITE_RECURSION = YES;
				CLANG_WARN_INT_CONVERSION = YES;
				CLANG_WARN_NON_LITERAL_NULL_CONVERSION = YES;
				CLANG_WARN_OBJC_IMPLICIT_RETAIN_SELF = YES;
				CLANG_WARN_OBJC_LITERAL_CONVERSION = YES;
				CLANG_WARN_OBJC_ROOT_CLASS = YES_ERROR;
				CLANG_WARN_QUOTED_INCLUDE_IN_FRAMEWORK_HEADER = YES;
				CLANG_WARN_RANGE_LOOP_ANALYSIS = YES;
				CLANG_WARN_STRICT_PROTOTYPES = YES;
				CLANG_WARN_SUSPICIOUS_MOVE = YES;
				CLANG_WARN_UNGUARDED_AVAILABILITY = YES_AGGRESSIVE;
				CLANG_WARN_UNREACHABLE_CODE = YES;
				CLANG_WARN__DUPLICATE_METHOD_MATCH = YES;
				COPY_PHASE_STRIP = NO;
				DEBUG_INFORMATION_FORMAT = "dwarf-with-dsym";
				DEVELOPMENT_TEAM = SQ2W9UN4WB;
				ENABLE_NS_ASSERTIONS = NO;
				ENABLE_STRICT_OBJC_MSGSEND = YES;
				ENABLE_USER_SCRIPT_SANDBOXING = YES;
				GCC_C_LANGUAGE_STANDARD = gnu17;
				GCC_NO_COMMON_BLOCKS = YES;
				GCC_WARN_64_TO_32_BIT_CONVERSION = YES;
				GCC_WARN_ABOUT_RETURN_TYPE = YES_ERROR;
				GCC_WARN_UNDECLARED_SELECTOR = YES;
				GCC_WARN_UNINITIALIZED_AUTOS = YES_AGGRESSIVE;
				GCC_WARN_UNUSED_FUNCTION = YES;
				GCC_WARN_UNUSED_VARIABLE = YES;
				IPHONEOS_DEPLOYMENT_TARGET = 18.5;
				LOCALIZATION_PREFERS_STRING_CATALOGS = YES;
				MTL_ENABLE_DEBUG_INFO = NO;
				MTL_FAST_MATH = YES;
				SDKROOT = iphoneos;
				STRING_CATALOG_GENERATE_SYMBOLS = YES;
				SWIFT_COMPILATION_MODE = wholemodule;
				VALIDATE_PRODUCT = YES;
			};
			name = Release;
		};
		FE4D98382F330FB60087BCAE /* Debug */ = {
			isa = XCBuildConfiguration;
			buildSettings = {
				ASSETCATALOG_COMPILER_APPICON_NAME = AppIcon;
				ASSETCATALOG_COMPILER_GLOBAL_ACCENT_COLOR_NAME = AccentColor;
				CODE_SIGN_ENTITLEMENTS = shishanyouni/shishanyouni.entitlements;
				CODE_SIGN_IDENTITY = "Apple Development";
				CODE_SIGN_STYLE = Automatic;
				CURRENT_PROJECT_VERSION = 1;
				DEVELOPMENT_TEAM = Z76985BH76;
				ENABLE_PREVIEWS = YES;
				GENERATE_INFOPLIST_FILE = YES;
				INFOPLIST_FILE = shishanyouni/Info.plist;
				INFOPLIST_KEY_CFBundleDisplayName = "狮山有你";
				INFOPLIST_KEY_LSApplicationCategoryType = "public.app-category.lifestyle";
				INFOPLIST_KEY_NSPhotoLibraryAddUsageDescription = "需要访问相册以保存课表图片";
				INFOPLIST_KEY_UIApplicationSceneManifest_Generation = YES;
				INFOPLIST_KEY_UIApplicationSupportsIndirectInputEvents = YES;
				INFOPLIST_KEY_UILaunchScreen_Generation = YES;
				INFOPLIST_KEY_UISupportedInterfaceOrientations = UIInterfaceOrientationPortrait;
				INFOPLIST_KEY_UISupportedInterfaceOrientations_iPad = "UIInterfaceOrientationLandscapeLeft UIInterfaceOrientationLandscapeRight UIInterfaceOrientationPortrait UIInterfaceOrientationPortraitUpsideDown";
				IPHONEOS_DEPLOYMENT_TARGET = 16.6;
				LD_RUNPATH_SEARCH_PATHS = (
					"$(inherited)",
					"@executable_path/Frameworks",
				);
				MARKETING_VERSION = 1.2.2;
				PRODUCT_BUNDLE_IDENTIFIER = cn.edu.hzau.shishanyouni;
				PRODUCT_NAME = "$(TARGET_NAME)";
				PROVISIONING_PROFILE_SPECIFIER = "";
				SWIFT_EMIT_LOC_STRINGS = YES;
				SWIFT_VERSION = 5.0;
				TARGETED_DEVICE_FAMILY = "1,2";
			};
			name = Debug;
		};
		FE4D98392F330FB60087BCAE /* Release */ = {
			isa = XCBuildConfiguration;
			buildSettings = {
				ASSETCATALOG_COMPILER_APPICON_NAME = AppIcon;
				ASSETCATALOG_COMPILER_GLOBAL_ACCENT_COLOR_NAME = AccentColor;
				CODE_SIGN_ENTITLEMENTS = shishanyouni/shishanyouniRelease.entitlements;
				CODE_SIGN_IDENTITY = "Apple Development";
				CODE_SIGN_STYLE = Automatic;
				CURRENT_PROJECT_VERSION = 1;
				DEVELOPMENT_TEAM = Z76985BH76;
				ENABLE_PREVIEWS = YES;
				GENERATE_INFOPLIST_FILE = YES;
				INFOPLIST_FILE = shishanyouni/Info.plist;
				INFOPLIST_KEY_CFBundleDisplayName = "狮山有你";
				INFOPLIST_KEY_LSApplicationCategoryType = "public.app-category.lifestyle";
				INFOPLIST_KEY_NSPhotoLibraryAddUsageDescription = "需要访问相册以保存课表图片";
				INFOPLIST_KEY_UIApplicationSceneManifest_Generation = YES;
				INFOPLIST_KEY_UIApplicationSupportsIndirectInputEvents = YES;
				INFOPLIST_KEY_UILaunchScreen_Generation = YES;
				INFOPLIST_KEY_UISupportedInterfaceOrientations = UIInterfaceOrientationPortrait;
				INFOPLIST_KEY_UISupportedInterfaceOrientations_iPad = "UIInterfaceOrientationLandscapeLeft UIInterfaceOrientationLandscapeRight UIInterfaceOrientationPortrait UIInterfaceOrientationPortraitUpsideDown";
				IPHONEOS_DEPLOYMENT_TARGET = 16.6;
				LD_RUNPATH_SEARCH_PATHS = (
					"$(inherited)",
					"@executable_path/Frameworks",
				);
				MARKETING_VERSION = 1.2.2;
				PRODUCT_BUNDLE_IDENTIFIER = cn.edu.hzau.shishanyouni;
				PRODUCT_NAME = "$(TARGET_NAME)";
				PROVISIONING_PROFILE_SPECIFIER = "";
				SWIFT_EMIT_LOC_STRINGS = YES;
				SWIFT_VERSION = 5.0;
				TARGETED_DEVICE_FAMILY = "1,2";
			};
			name = Release;
		};
		FE4D983B2F330FB60087BCAE /* Debug */ = {
			isa = XCBuildConfiguration;
			buildSettings = {
				BUNDLE_LOADER = "$(TEST_HOST)";
				CODE_SIGN_STYLE = Automatic;
				CURRENT_PROJECT_VERSION = 1;
				DEVELOPMENT_TEAM = SQ2W9UN4WB;
				GENERATE_INFOPLIST_FILE = YES;
				IPHONEOS_DEPLOYMENT_TARGET = 18.5;
				MARKETING_VERSION = 1.0;
				PRODUCT_BUNDLE_IDENTIFIER = douerlucky.shishanyouniTests;
				PRODUCT_NAME = "$(TARGET_NAME)";
				SWIFT_EMIT_LOC_STRINGS = NO;
				SWIFT_VERSION = 5.0;
				TARGETED_DEVICE_FAMILY = "1,2";
				TEST_HOST = "$(BUILT_PRODUCTS_DIR)/shishanyouni.app/$(BUNDLE_EXECUTABLE_FOLDER_PATH)/shishanyouni";
			};
			name = Debug;
		};
		FE4D983C2F330FB60087BCAE /* Release */ = {
			isa = XCBuildConfiguration;
			buildSettings = {
				BUNDLE_LOADER = "$(TEST_HOST)";
				CODE_SIGN_STYLE = Automatic;
				CURRENT_PROJECT_VERSION = 1;
				DEVELOPMENT_TEAM = SQ2W9UN4WB;
				GENERATE_INFOPLIST_FILE = YES;
				IPHONEOS_DEPLOYMENT_TARGET = 18.5;
				MARKETING_VERSION = 1.0;
				PRODUCT_BUNDLE_IDENTIFIER = douerlucky.shishanyouniTests;
				PRODUCT_NAME = "$(TARGET_NAME)";
				SWIFT_EMIT_LOC_STRINGS = NO;
				SWIFT_VERSION = 5.0;
				TARGETED_DEVICE_FAMILY = "1,2";
				TEST_HOST = "$(BUILT_PRODUCTS_DIR)/shishanyouni.app/$(BUNDLE_EXECUTABLE_FOLDER_PATH)/shishanyouni";
			};
			name = Release;
		};
		FE4D983E2F330FB60087BCAE /* Debug */ = {
			isa = XCBuildConfiguration;
			buildSettings = {
				CODE_SIGN_STYLE = Automatic;
				CURRENT_PROJECT_VERSION = 1;
				DEVELOPMENT_TEAM = SQ2W9UN4WB;
				GENERATE_INFOPLIST_FILE = YES;
				MARKETING_VERSION = 1.0;
				PRODUCT_BUNDLE_IDENTIFIER = douerlucky.shishanyouniUITests;
				PRODUCT_NAME = "$(TARGET_NAME)";
				SWIFT_EMIT_LOC_STRINGS = NO;
				SWIFT_VERSION = 5.0;
				TARGETED_DEVICE_FAMILY = "1,2";
				TEST_TARGET_NAME = shishanyouni;
			};
			name = Debug;
		};
		FE4D983F2F330FB60087BCAE /* Release */ = {
			isa = XCBuildConfiguration;
			buildSettings = {
				CODE_SIGN_STYLE = Automatic;
				CURRENT_PROJECT_VERSION = 1;
				DEVELOPMENT_TEAM = SQ2W9UN4WB;
				GENERATE_INFOPLIST_FILE = YES;
				MARKETING_VERSION = 1.0;
				PRODUCT_BUNDLE_IDENTIFIER = douerlucky.shishanyouniUITests;
				PRODUCT_NAME = "$(TARGET_NAME)";
				SWIFT_EMIT_LOC_STRINGS = NO;
				SWIFT_VERSION = 5.0;
				TARGETED_DEVICE_FAMILY = "1,2";
				TEST_TARGET_NAME = shishanyouni;
			};
			name = Release;
		};
/* End XCBuildConfiguration section */

/* Begin XCConfigurationList section */
		FE406C2F2F9A4C53007039C2 /* Build configuration list for PBXNativeTarget "ScheduleWidgetExtension" */ = {
			isa = XCConfigurationList;
			buildConfigurations = (
				FE406C302F9A4C53007039C2 /* Debug */,
				FE406C312F9A4C53007039C2 /* Release */,
			);
			defaultConfigurationIsVisible = 0;
			defaultConfigurationName = Release;
		};
		FE4D98112F330FB40087BCAE /* Build configuration list for PBXProject "shishanyouni" */ = {
			isa = XCConfigurationList;
			buildConfigurations = (
				FE4D98352F330FB60087BCAE /* Debug */,
				FE4D98362F330FB60087BCAE /* Release */,
			);
			defaultConfigurationIsVisible = 0;
			defaultConfigurationName = Release;
		};
		FE4D98372F330FB60087BCAE /* Build configuration list for PBXNativeTarget "shishanyouni" */ = {
			isa = XCConfigurationList;
			buildConfigurations = (
				FE4D98382F330FB60087BCAE /* Debug */,
				FE4D98392F330FB60087BCAE /* Release */,
			);
			defaultConfigurationIsVisible = 0;
			defaultConfigurationName = Release;
		};
		FE4D983A2F330FB60087BCAE /* Build configuration list for PBXNativeTarget "shishanyouniTests" */ = {
			isa = XCConfigurationList;
			buildConfigurations = (
				FE4D983B2F330FB60087BCAE /* Debug */,
				FE4D983C2F330FB60087BCAE /* Release */,
			);
			defaultConfigurationIsVisible = 0;
			defaultConfigurationName = Release;
		};
		FE4D983D2F330FB60087BCAE /* Build configuration list for PBXNativeTarget "shishanyouniUITests" */ = {
			isa = XCConfigurationList;
			buildConfigurations = (
				FE4D983E2F330FB60087BCAE /* Debug */,
				FE4D983F2F330FB60087BCAE /* Release */,
			);
			defaultConfigurationIsVisible = 0;
			defaultConfigurationName = Release;
		};
/* End XCConfigurationList section */
	};
	rootObject = FE4D980E2F330FB40087BCAE /* Project object */;
}
